
Microsoft Visual Studio Solution File, Format Version 12.00
# Visual Studio Version 17
VisualStudioVersion = 17.3.32901.215
MinimumVisualStudioVersion = 10.0.40219.1
Project("{9A19103F-16F7-4668-BE54-9A1E7A4F7556}") = "Task-2", "Task-2.csproj", "{BC7ED043-5644-4EF7-A592-079AC6F486F0}"
EndProject
Global
	GlobalSection(SolutionConfigurationPlatforms) = preSolution
		Debug|Any CPU = Debug|Any CPU
		Release|Any CPU = Release|Any CPU
	EndGlobalSection
	GlobalSection(ProjectConfigurationPlatforms) = postSolution
		{BC7ED043-5644-4EF7-A592-079AC6F486F0}.Debug|Any CPU.ActiveCfg = Debug|Any CPU
		{BC7ED043-5644-4EF7-A592-079AC6F486F0}.Debug|Any CPU.Build.0 = Debug|Any CPU
		{BC7ED043-5644-4EF7-A592-079AC6F486F0}.Debug|Any CPU.Deploy.0 = Debug|Any CPU
		{BC7ED043-5644-4EF7-A592-079AC6F486F0}.Release|Any CPU.ActiveCfg = Release|Any CPU
		{BC7ED043-5644-4EF7-A592-079AC6F486F0}.Release|Any CPU.Build.0 = Release|Any CPU
		{BC7ED043-5644-4EF7-A592-079AC6F486F0}.Release|Any CPU.Deploy.0 = Release|Any CPU
	EndGlobalSection
	GlobalSection(SolutionProperties) = preSolution
		HideSolutionNode = FALSE
	EndGlobalSection
	GlobalSection(ExtensibilityGlobals) = postSolution
		SolutionGuid = {C17706B5-7908-42AB-8AF1-55897AA6F5C7}
	EndGlobalSection
EndGlobal
